
Microsoft Visual Studio Solution File, Format Version 12.00
# Visual Studio Version 17
VisualStudioVersion = 17.0.31903.59
MinimumVisualStudioVersion = 10.0.40219.1
Project("{2150E333-8FDC-42A3-9474-1A3956D46DE8}") = "src", "src", "{827E0CD3-B72D-47B6-A68D-7590B98EB39B}"
EndProject
Project("{FAE04EC0-301F-11D3-BF4B-00C04F79EFBC}") = "Core", "src\Core\Core.csproj", "{D15030E7-5609-48B6-8D18-5A3F7B822254}"
EndProject
Project("{2150E333-8FDC-42A3-9474-1A3956D46DE8}") = "Catalog", "Catalog", "{AE156C2D-CEB6-2932-52E1-7BB3F5577BA2}"
EndProject
Project("{FAE04EC0-301F-11D3-BF4B-00C04F79EFBC}") = "Catalog.Domain", "src\Catalog\Catalog.Domain\Catalog.Domain.csproj", "{49F6E801-6F77-4A86-86ED-B7F40EBEDFC1}"
EndProject
Project("{FAE04EC0-301F-11D3-BF4B-00C04F79EFBC}") = "Catalog.Application", "src\Catalog\Catalog.Application\Catalog.Application.csproj", "{20F128E5-CC28-49B0-9F52-5250EBE949CE}"
EndProject
Project("{FAE04EC0-301F-11D3-BF4B-00C04F79EFBC}") = "Catalog.Infrastructure", "src\Catalog\Catalog.Infrastructure\Catalog.Infrastructure.csproj", "{2C873475-6DBF-4B91-A66E-CDF6BDED9E20}"
EndProject
Project("{2150E333-8FDC-42A3-9474-1A3956D46DE8}") = "Loan", "Loan", "{F9B163BA-0A88-8BB2-2897-35C19F14B8C1}"
EndProject
Project("{FAE04EC0-301F-11D3-BF4B-00C04F79EFBC}") = "Loan.Domain", "src\Loan\Loan.Domain\Loan.Domain.csproj", "{1FEE67FC-CCA6-4624-97F8-D83488271FA7}"
EndProject
Project("{FAE04EC0-301F-11D3-BF4B-00C04F79EFBC}") = "Loan.Application", "src\Loan\Loan.Application\Loan.Application.csproj", "{6D600FEE-F5DA-4009-BB8F-9ED3111D7C0E}"
EndProject
Project("{FAE04EC0-301F-11D3-BF4B-00C04F79EFBC}") = "Loan.Infrastructure", "src\Loan\Loan.Infrastructure\Loan.Infrastructure.csproj", "{77991CE4-7CF6-4FCD-AFE5-A20745A81A35}"
EndProject
Project("{2150E333-8FDC-42A3-9474-1A3956D46DE8}") = "Report", "Report", "{8E398AD0-0E3F-6157-2CED-D961337902A6}"
EndProject
Project("{FAE04EC0-301F-11D3-BF4B-00C04F79EFBC}") = "Report.Domain", "src\Report\Report.Domain\Report.Domain.csproj", "{679048AD-4D99-4859-8531-4B400D40762B}"
EndProject
Project("{FAE04EC0-301F-11D3-BF4B-00C04F79EFBC}") = "Report.Application", "src\Report\Report.Application\Report.Application.csproj", "{FC21CC89-86DA-4B62-A457-63F60BBB938B}"
EndProject
Project("{FAE04EC0-301F-11D3-BF4B-00C04F79EFBC}") = "Report.Infrastructure", "src\Report\Report.Infrastructure\Report.Infrastructure.csproj", "{0FE487A8-D933-416F-A21D-D4CCC3AEA341}"
EndProject
Project("{2150E333-8FDC-42A3-9474-1A3956D46DE8}") = "Auth", "Auth", "{E134C235-D229-4C0D-6747-D71D21D31FBE}"
EndProject
Project("{FAE04EC0-301F-11D3-BF4B-00C04F79EFBC}") = "Auth.Domain", "src\Auth\Auth.Domain\Auth.Domain.csproj", "{0BAF470A-6084-4105-A7F8-A36017EC2910}"
EndProject
Project("{FAE04EC0-301F-11D3-BF4B-00C04F79EFBC}") = "Auth.Application", "src\Auth\Auth.Application\Auth.Application.csproj", "{97CBE738-4E81-403E-BD74-896107525750}"
EndProject
Project("{FAE04EC0-301F-11D3-BF4B-00C04F79EFBC}") = "Auth.Infrastructure", "src\Auth\Auth.Infrastructure\Auth.Infrastructure.csproj", "{27A3FB81-0211-4405-9B84-DF68452C96C7}"
EndProject
Project("{FAE04EC0-301F-11D3-BF4B-00C04F79EFBC}") = "API", "src\API\API.csproj", "{58BCACCD-755D-4B8A-BC14-8F407A2003CD}"
EndProject
Project("{2150E333-8FDC-42A3-9474-1A3956D46DE8}") = "tests", "tests", "{C5D7E3A5-2B8A-4F1D-9E3C-7A5B8D2C1F3E}"
EndProject
Project("{FAE04EC0-301F-11D3-BF4B-00C04F79EFBC}") = "Common", "..\tests\backend\Common\Common.csproj", "{9C7D4E5B-3A1F-4B8E-2D6C-8E5A7F1B3D2C}"
EndProject
Project("{FAE04EC0-301F-11D3-BF4B-00C04F79EFBC}") = "Auth.Tests", "..\tests\backend\Auth\Auth.Tests.csproj", "{CCC35BE6-EA31-6B84-B984-6E7CA554CDCC}"
EndProject
Project("{2150E333-8FDC-42A3-9474-1A3956D46DE8}") = "Solution Items", "Solution Items", "{4A3F5B2C-1E4D-4A6F-9B8E-3D5F4C2E1F0A}"
	ProjectSection(SolutionItems) = preProject
		.editorconfig = .editorconfig
	EndProjectSection
EndProject
Project("{FAE04EC0-301F-11D3-BF4B-00C04F79EFBC}") = "Core.Tests", "..\tests\backend\Core\Core.Tests.csproj", "{FA572002-AA8F-428C-9865-2A2BFD4C72BA}"
EndProject
Project("{FAE04EC0-301F-11D3-BF4B-00C04F79EFBC}") = "BackgroundServices", "src\BackgroundServices\BackgroundServices.csproj", "{769F5D32-9874-4C4E-BCB1-6FEE7B7BF49C}"
EndProject
Global
	GlobalSection(SolutionConfigurationPlatforms) = preSolution
		Debug|Any CPU = Debug|Any CPU
		Debug|x64 = Debug|x64
		Debug|x86 = Debug|x86
		Release|Any CPU = Release|Any CPU
		Release|x64 = Release|x64
		Release|x86 = Release|x86
	EndGlobalSection
	GlobalSection(ProjectConfigurationPlatforms) = postSolution
		{D15030E7-5609-48B6-8D18-5A3F7B822254}.Debug|Any CPU.ActiveCfg = Debug|Any CPU
		{D15030E7-5609-48B6-8D18-5A3F7B822254}.Debug|Any CPU.Build.0 = Debug|Any CPU
		{D15030E7-5609-48B6-8D18-5A3F7B822254}.Debug|x64.ActiveCfg = Debug|Any CPU
		{D15030E7-5609-48B6-8D18-5A3F7B822254}.Debug|x64.Build.0 = Debug|Any CPU
		{D15030E7-5609-48B6-8D18-5A3F7B822254}.Debug|x86.ActiveCfg = Debug|Any CPU
		{D15030E7-5609-48B6-8D18-5A3F7B822254}.Debug|x86.Build.0 = Debug|Any CPU
		{D15030E7-5609-48B6-8D18-5A3F7B822254}.Release|Any CPU.ActiveCfg = Release|Any CPU
		{D15030E7-5609-48B6-8D18-5A3F7B822254}.Release|Any CPU.Build.0 = Release|Any CPU
		{D15030E7-5609-48B6-8D18-5A3F7B822254}.Release|x64.ActiveCfg = Release|Any CPU
		{D15030E7-5609-48B6-8D18-5A3F7B822254}.Release|x64.Build.0 = Release|Any CPU
		{D15030E7-5609-48B6-8D18-5A3F7B822254}.Release|x86.ActiveCfg = Release|Any CPU
		{D15030E7-5609-48B6-8D18-5A3F7B822254}.Release|x86.Build.0 = Release|Any CPU
		{49F6E801-6F77-4A86-86ED-B7F40EBEDFC1}.Debug|Any CPU.ActiveCfg = Debug|Any CPU
		{49F6E801-6F77-4A86-86ED-B7F40EBEDFC1}.Debug|Any CPU.Build.0 = Debug|Any CPU
		{49F6E801-6F77-4A86-86ED-B7F40EBEDFC1}.Debug|x64.ActiveCfg = Debug|Any CPU
		{49F6E801-6F77-4A86-86ED-B7F40EBEDFC1}.Debug|x64.Build.0 = Debug|Any CPU
		{49F6E801-6F77-4A86-86ED-B7F40EBEDFC1}.Debug|x86.ActiveCfg = Debug|Any CPU
		{49F6E801-6F77-4A86-86ED-B7F40EBEDFC1}.Debug|x86.Build.0 = Debug|Any CPU
		{49F6E801-6F77-4A86-86ED-B7F40EBEDFC1}.Release|Any CPU.ActiveCfg = Release|Any CPU
		{49F6E801-6F77-4A86-86ED-B7F40EBEDFC1}.Release|Any CPU.Build.0 = Release|Any CPU
		{49F6E801-6F77-4A86-86ED-B7F40EBEDFC1}.Release|x64.ActiveCfg = Release|Any CPU
		{49F6E801-6F77-4A86-86ED-B7F40EBEDFC1}.Release|x64.Build.0 = Release|Any CPU
		{49F6E801-6F77-4A86-86ED-B7F40EBEDFC1}.Release|x86.ActiveCfg = Release|Any CPU
		{49F6E801-6F77-4A86-86ED-B7F40EBEDFC1}.Release|x86.Build.0 = Release|Any CPU
		{20F128E5-CC28-49B0-9F52-5250EBE949CE}.Debug|Any CPU.ActiveCfg = Debug|Any CPU
		{20F128E5-CC28-49B0-9F52-5250EBE949CE}.Debug|Any CPU.Build.0 = Debug|Any CPU
		{20F128E5-CC28-49B0-9F52-5250EBE949CE}.Debug|x64.ActiveCfg = Debug|Any CPU
		{20F128E5-CC28-49B0-9F52-5250EBE949CE}.Debug|x64.Build.0 = Debug|Any CPU
		{20F128E5-CC28-49B0-9F52-5250EBE949CE}.Debug|x86.ActiveCfg = Debug|Any CPU
		{20F128E5-CC28-49B0-9F52-5250EBE949CE}.Debug|x86.Build.0 = Debug|Any CPU
		{20F128E5-CC28-49B0-9F52-5250EBE949CE}.Release|Any CPU.ActiveCfg = Release|Any CPU
		{20F128E5-CC28-49B0-9F52-5250EBE949CE}.Release|Any CPU.Build.0 = Release|Any CPU
		{20F128E5-CC28-49B0-9F52-5250EBE949CE}.Release|x64.ActiveCfg = Release|Any CPU
		{20F128E5-CC28-49B0-9F52-5250EBE949CE}.Release|x64.Build.0 = Release|Any CPU
		{20F128E5-CC28-49B0-9F52-5250EBE949CE}.Release|x86.ActiveCfg = Release|Any CPU
		{20F128E5-CC28-49B0-9F52-5250EBE949CE}.Release|x86.Build.0 = Release|Any CPU
		{2C873475-6DBF-4B91-A66E-CDF6BDED9E20}.Debug|Any CPU.ActiveCfg = Debug|Any CPU
		{2C873475-6DBF-4B91-A66E-CDF6BDED9E20}.Debug|Any CPU.Build.0 = Debug|Any CPU
		{2C873475-6DBF-4B91-A66E-CDF6BDED9E20}.Debug|x64.ActiveCfg = Debug|Any CPU
		{2C873475-6DBF-4B91-A66E-CDF6BDED9E20}.Debug|x64.Build.0 = Debug|Any CPU
		{2C873475-6DBF-4B91-A66E-CDF6BDED9E20}.Debug|x86.ActiveCfg = Debug|Any CPU
		{2C873475-6DBF-4B91-A66E-CDF6BDED9E20}.Debug|x86.Build.0 = Debug|Any CPU
		{2C873475-6DBF-4B91-A66E-CDF6BDED9E20}.Release|Any CPU.ActiveCfg = Release|Any CPU
		{2C873475-6DBF-4B91-A66E-CDF6BDED9E20}.Release|Any CPU.Build.0 = Release|Any CPU
		{2C873475-6DBF-4B91-A66E-CDF6BDED9E20}.Release|x64.ActiveCfg = Release|Any CPU
		{2C873475-6DBF-4B91-A66E-CDF6BDED9E20}.Release|x64.Build.0 = Release|Any CPU
		{2C873475-6DBF-4B91-A66E-CDF6BDED9E20}.Release|x86.ActiveCfg = Release|Any CPU
		{2C873475-6DBF-4B91-A66E-CDF6BDED9E20}.Release|x86.Build.0 = Release|Any CPU
		{1FEE67FC-CCA6-4624-97F8-D83488271FA7}.Debug|Any CPU.ActiveCfg = Debug|Any CPU
		{1FEE67FC-CCA6-4624-97F8-D83488271FA7}.Debug|Any CPU.Build.0 = Debug|Any CPU
		{1FEE67FC-CCA6-4624-97F8-D83488271FA7}.Debug|x64.ActiveCfg = Debug|Any CPU
		{1FEE67FC-CCA6-4624-97F8-D83488271FA7}.Debug|x64.Build.0 = Debug|Any CPU
		{1FEE67FC-CCA6-4624-97F8-D83488271FA7}.Debug|x86.ActiveCfg = Debug|Any CPU
		{1FEE67FC-CCA6-4624-97F8-D83488271FA7}.Debug|x86.Build.0 = Debug|Any CPU
		{1FEE67FC-CCA6-4624-97F8-D83488271FA7}.Release|Any CPU.ActiveCfg = Release|Any CPU
		{1FEE67FC-CCA6-4624-97F8-D83488271FA7}.Release|Any CPU.Build.0 = Release|Any CPU
		{1FEE67FC-CCA6-4624-97F8-D83488271FA7}.Release|x64.ActiveCfg = Release|Any CPU
		{1FEE67FC-CCA6-4624-97F8-D83488271FA7}.Release|x64.Build.0 = Release|Any CPU
		{1FEE67FC-CCA6-4624-97F8-D83488271FA7}.Release|x86.ActiveCfg = Release|Any CPU
		{1FEE67FC-CCA6-4624-97F8-D83488271FA7}.Release|x86.Build.0 = Release|Any CPU
		{6D600FEE-F5DA-4009-BB8F-9ED3111D7C0E}.Debug|Any CPU.ActiveCfg = Debug|Any CPU
		{6D600FEE-F5DA-4009-BB8F-9ED3111D7C0E}.Debug|Any CPU.Build.0 = Debug|Any CPU
		{6D600FEE-F5DA-4009-BB8F-9ED3111D7C0E}.Debug|x64.ActiveCfg = Debug|Any CPU
		{6D600FEE-F5DA-4009-BB8F-9ED3111D7C0E}.Debug|x64.Build.0 = Debug|Any CPU
		{6D600FEE-F5DA-4009-BB8F-9ED3111D7C0E}.Debug|x86.ActiveCfg = Debug|Any CPU
		{6D600FEE-F5DA-4009-BB8F-9ED3111D7C0E}.Debug|x86.Build.0 = Debug|Any CPU
		{6D600FEE-F5DA-4009-BB8F-9ED3111D7C0E}.Release|Any CPU.ActiveCfg = Release|Any CPU
		{6D600FEE-F5DA-4009-BB8F-9ED3111D7C0E}.Release|Any CPU.Build.0 = Release|Any CPU
		{6D600FEE-F5DA-4009-BB8F-9ED3111D7C0E}.Release|x64.ActiveCfg = Release|Any CPU
		{6D600FEE-F5DA-4009-BB8F-9ED3111D7C0E}.Release|x64.Build.0 = Release|Any CPU
		{6D600FEE-F5DA-4009-BB8F-9ED3111D7C0E}.Release|x86.ActiveCfg = Release|Any CPU
		{6D600FEE-F5DA-4009-BB8F-9ED3111D7C0E}.Release|x86.Build.0 = Release|Any CPU
		{77991CE4-7CF6-4FCD-AFE5-A20745A81A35}.Debug|Any CPU.ActiveCfg = Debug|Any CPU
		{77991CE4-7CF6-4FCD-AFE5-A20745A81A35}.Debug|Any CPU.Build.0 = Debug|Any CPU
		{77991CE4-7CF6-4FCD-AFE5-A20745A81A35}.Debug|x64.ActiveCfg = Debug|Any CPU
		{77991CE4-7CF6-4FCD-AFE5-A20745A81A35}.Debug|x64.Build.0 = Debug|Any CPU
		{77991CE4-7CF6-4FCD-AFE5-A20745A81A35}.Debug|x86.ActiveCfg = Debug|Any CPU
		{77991CE4-7CF6-4FCD-AFE5-A20745A81A35}.Debug|x86.Build.0 = Debug|Any CPU
		{77991CE4-7CF6-4FCD-AFE5-A20745A81A35}.Release|Any CPU.ActiveCfg = Release|Any CPU
		{77991CE4-7CF6-4FCD-AFE5-A20745A81A35}.Release|Any CPU.Build.0 = Release|Any CPU
		{77991CE4-7CF6-4FCD-AFE5-A20745A81A35}.Release|x64.ActiveCfg = Release|Any CPU
		{77991CE4-7CF6-4FCD-AFE5-A20745A81A35}.Release|x64.Build.0 = Release|Any CPU
		{77991CE4-7CF6-4FCD-AFE5-A20745A81A35}.Release|x86.ActiveCfg = Release|Any CPU
		{77991CE4-7CF6-4FCD-AFE5-A20745A81A35}.Release|x86.Build.0 = Release|Any CPU
		{679048AD-4D99-4859-8531-4B400D40762B}.Debug|Any CPU.ActiveCfg = Debug|Any CPU
		{679048AD-4D99-4859-8531-4B400D40762B}.Debug|Any CPU.Build.0 = Debug|Any CPU
		{679048AD-4D99-4859-8531-4B400D40762B}.Debug|x64.ActiveCfg = Debug|Any CPU
		{679048AD-4D99-4859-8531-4B400D40762B}.Debug|x64.Build.0 = Debug|Any CPU
		{679048AD-4D99-4859-8531-4B400D40762B}.Debug|x86.ActiveCfg = Debug|Any CPU
		{679048AD-4D99-4859-8531-4B400D40762B}.Debug|x86.Build.0 = Debug|Any CPU
		{679048AD-4D99-4859-8531-4B400D40762B}.Release|Any CPU.ActiveCfg = Release|Any CPU
		{679048AD-4D99-4859-8531-4B400D40762B}.Release|Any CPU.Build.0 = Release|Any CPU
		{679048AD-4D99-4859-8531-4B400D40762B}.Release|x64.ActiveCfg = Release|Any CPU
		{679048AD-4D99-4859-8531-4B400D40762B}.Release|x64.Build.0 = Release|Any CPU
		{679048AD-4D99-4859-8531-4B400D40762B}.Release|x86.ActiveCfg = Release|Any CPU
		{679048AD-4D99-4859-8531-4B400D40762B}.Release|x86.Build.0 = Release|Any CPU
		{FC21CC89-86DA-4B62-A457-63F60BBB938B}.Debug|Any CPU.ActiveCfg = Debug|Any CPU
		{FC21CC89-86DA-4B62-A457-63F60BBB938B}.Debug|Any CPU.Build.0 = Debug|Any CPU
		{FC21CC89-86DA-4B62-A457-63F60BBB938B}.Debug|x64.ActiveCfg = Debug|Any CPU
		{FC21CC89-86DA-4B62-A457-63F60BBB938B}.Debug|x64.Build.0 = Debug|Any CPU
		{FC21CC89-86DA-4B62-A457-63F60BBB938B}.Debug|x86.ActiveCfg = Debug|Any CPU
		{FC21CC89-86DA-4B62-A457-63F60BBB938B}.Debug|x86.Build.0 = Debug|Any CPU
		{FC21CC89-86DA-4B62-A457-63F60BBB938B}.Release|Any CPU.ActiveCfg = Release|Any CPU
		{FC21CC89-86DA-4B62-A457-63F60BBB938B}.Release|Any CPU.Build.0 = Release|Any CPU
		{FC21CC89-86DA-4B62-A457-63F60BBB938B}.Release|x64.ActiveCfg = Release|Any CPU
		{FC21CC89-86DA-4B62-A457-63F60BBB938B}.Release|x64.Build.0 = Release|Any CPU
		{FC21CC89-86DA-4B62-A457-63F60BBB938B}.Release|x86.ActiveCfg = Release|Any CPU
		{FC21CC89-86DA-4B62-A457-63F60BBB938B}.Release|x86.Build.0 = Release|Any CPU
		{0FE487A8-D933-416F-A21D-D4CCC3AEA341}.Debug|Any CPU.ActiveCfg = Debug|Any CPU
		{0FE487A8-D933-416F-A21D-D4CCC3AEA341}.Debug|Any CPU.Build.0 = Debug|Any CPU
		{0FE487A8-D933-416F-A21D-D4CCC3AEA341}.Debug|x64.ActiveCfg = Debug|Any CPU
		{0FE487A8-D933-416F-A21D-D4CCC3AEA341}.Debug|x64.Build.0 = Debug|Any CPU
		{0FE487A8-D933-416F-A21D-D4CCC3AEA341}.Debug|x86.ActiveCfg = Debug|Any CPU
		{0FE487A8-D933-416F-A21D-D4CCC3AEA341}.Debug|x86.Build.0 = Debug|Any CPU
		{0FE487A8-D933-416F-A21D-D4CCC3AEA341}.Release|Any CPU.ActiveCfg = Release|Any CPU
		{0FE487A8-D933-416F-A21D-D4CCC3AEA341}.Release|Any CPU.Build.0 = Release|Any CPU
		{0FE487A8-D933-416F-A21D-D4CCC3AEA341}.Release|x64.ActiveCfg = Release|Any CPU
		{0FE487A8-D933-416F-A21D-D4CCC3AEA341}.Release|x64.Build.0 = Release|Any CPU
		{0FE487A8-D933-416F-A21D-D4CCC3AEA341}.Release|x86.ActiveCfg = Release|Any CPU
		{0FE487A8-D933-416F-A21D-D4CCC3AEA341}.Release|x86.Build.0 = Release|Any CPU
		{0BAF470A-6084-4105-A7F8-A36017EC2910}.Debug|Any CPU.ActiveCfg = Debug|Any CPU
		{0BAF470A-6084-4105-A7F8-A36017EC2910}.Debug|Any CPU.Build.0 = Debug|Any CPU
		{0BAF470A-6084-4105-A7F8-A36017EC2910}.Debug|x64.ActiveCfg = Debug|Any CPU
		{0BAF470A-6084-4105-A7F8-A36017EC2910}.Debug|x64.Build.0 = Debug|Any CPU
		{0BAF470A-6084-4105-A7F8-A36017EC2910}.Debug|x86.ActiveCfg = Debug|Any CPU
		{0BAF470A-6084-4105-A7F8-A36017EC2910}.Debug|x86.Build.0 = Debug|Any CPU
		{0BAF470A-6084-4105-A7F8-A36017EC2910}.Release|Any CPU.ActiveCfg = Release|Any CPU
		{0BAF470A-6084-4105-A7F8-A36017EC2910}.Release|Any CPU.Build.0 = Release|Any CPU
		{0BAF470A-6084-4105-A7F8-A36017EC2910}.Release|x64.ActiveCfg = Release|Any CPU
		{0BAF470A-6084-4105-A7F8-A36017EC2910}.Release|x64.Build.0 = Release|Any CPU
		{0BAF470A-6084-4105-A7F8-A36017EC2910}.Release|x86.ActiveCfg = Release|Any CPU
		{0BAF470A-6084-4105-A7F8-A36017EC2910}.Release|x86.Build.0 = Release|Any CPU
		{97CBE738-4E81-403E-BD74-896107525750}.Debug|Any CPU.ActiveCfg = Debug|Any CPU
		{97CBE738-4E81-403E-BD74-896107525750}.Debug|Any CPU.Build.0 = Debug|Any CPU
		{97CBE738-4E81-403E-BD74-896107525750}.Debug|x64.ActiveCfg = Debug|Any CPU
		{97CBE738-4E81-403E-BD74-896107525750}.Debug|x64.Build.0 = Debug|Any CPU
		{97CBE738-4E81-403E-BD74-896107525750}.Debug|x86.ActiveCfg = Debug|Any CPU
		{97CBE738-4E81-403E-BD74-896107525750}.Debug|x86.Build.0 = Debug|Any CPU
		{97CBE738-4E81-403E-BD74-896107525750}.Release|Any CPU.ActiveCfg = Release|Any CPU
		{97CBE738-4E81-403E-BD74-896107525750}.Release|Any CPU.Build.0 = Release|Any CPU
		{97CBE738-4E81-403E-BD74-896107525750}.Release|x64.ActiveCfg = Release|Any CPU
		{97CBE738-4E81-403E-BD74-896107525750}.Release|x64.Build.0 = Release|Any CPU
		{97CBE738-4E81-403E-BD74-896107525750}.Release|x86.ActiveCfg = Release|Any CPU
		{97CBE738-4E81-403E-BD74-896107525750}.Release|x86.Build.0 = Release|Any CPU
		{27A3FB81-0211-4405-9B84-DF68452C96C7}.Debug|Any CPU.ActiveCfg = Debug|Any CPU
		{27A3FB81-0211-4405-9B84-DF68452C96C7}.Debug|Any CPU.Build.0 = Debug|Any CPU
		{27A3FB81-0211-4405-9B84-DF68452C96C7}.Debug|x64.ActiveCfg = Debug|Any CPU
		{27A3FB81-0211-4405-9B84-DF68452C96C7}.Debug|x64.Build.0 = Debug|Any CPU
		{27A3FB81-0211-4405-9B84-DF68452C96C7}.Debug|x86.ActiveCfg = Debug|Any CPU
		{27A3FB81-0211-4405-9B84-DF68452C96C7}.Debug|x86.Build.0 = Debug|Any CPU
		{27A3FB81-0211-4405-9B84-DF68452C96C7}.Release|Any CPU.ActiveCfg = Release|Any CPU
		{27A3FB81-0211-4405-9B84-DF68452C96C7}.Release|Any CPU.Build.0 = Release|Any CPU
		{27A3FB81-0211-4405-9B84-DF68452C96C7}.Release|x64.ActiveCfg = Release|Any CPU
		{27A3FB81-0211-4405-9B84-DF68452C96C7}.Release|x64.Build.0 = Release|Any CPU
		{27A3FB81-0211-4405-9B84-DF68452C96C7}.Release|x86.ActiveCfg = Release|Any CPU
		{27A3FB81-0211-4405-9B84-DF68452C96C7}.Release|x86.Build.0 = Release|Any CPU
		{58BCACCD-755D-4B8A-BC14-8F407A2003CD}.Debug|Any CPU.ActiveCfg = Debug|Any CPU
		{58BCACCD-755D-4B8A-BC14-8F407A2003CD}.Debug|Any CPU.Build.0 = Debug|Any CPU
		{58BCACCD-755D-4B8A-BC14-8F407A2003CD}.Debug|x64.ActiveCfg = Debug|Any CPU
		{58BCACCD-755D-4B8A-BC14-8F407A2003CD}.Debug|x64.Build.0 = Debug|Any CPU
		{58BCACCD-755D-4B8A-BC14-8F407A2003CD}.Debug|x86.ActiveCfg = Debug|Any CPU
		{58BCACCD-755D-4B8A-BC14-8F407A2003CD}.Debug|x86.Build.0 = Debug|Any CPU
		{58BCACCD-755D-4B8A-BC14-8F407A2003CD}.Release|Any CPU.ActiveCfg = Release|Any CPU
		{58BCACCD-755D-4B8A-BC14-8F407A2003CD}.Release|Any CPU.Build.0 = Release|Any CPU
		{58BCACCD-755D-4B8A-BC14-8F407A2003CD}.Release|x64.ActiveCfg = Release|Any CPU
		{58BCACCD-755D-4B8A-BC14-8F407A2003CD}.Release|x64.Build.0 = Release|Any CPU
		{58BCACCD-755D-4B8A-BC14-8F407A2003CD}.Release|x86.ActiveCfg = Release|Any CPU
		{58BCACCD-755D-4B8A-BC14-8F407A2003CD}.Release|x86.Build.0 = Release|Any CPU
		{9C7D4E5B-3A1F-4B8E-2D6C-8E5A7F1B3D2C}.Debug|Any CPU.ActiveCfg = Debug|Any CPU
		{9C7D4E5B-3A1F-4B8E-2D6C-8E5A7F1B3D2C}.Debug|Any CPU.Build.0 = Debug|Any CPU
		{9C7D4E5B-3A1F-4B8E-2D6C-8E5A7F1B3D2C}.Debug|x64.ActiveCfg = Debug|Any CPU
		{9C7D4E5B-3A1F-4B8E-2D6C-8E5A7F1B3D2C}.Debug|x64.Build.0 = Debug|Any CPU
		{9C7D4E5B-3A1F-4B8E-2D6C-8E5A7F1B3D2C}.Debug|x86.ActiveCfg = Debug|Any CPU
		{9C7D4E5B-3A1F-4B8E-2D6C-8E5A7F1B3D2C}.Debug|x86.Build.0 = Debug|Any CPU
		{9C7D4E5B-3A1F-4B8E-2D6C-8E5A7F1B3D2C}.Release|Any CPU.ActiveCfg = Release|Any CPU
		{9C7D4E5B-3A1F-4B8E-2D6C-8E5A7F1B3D2C}.Release|Any CPU.Build.0 = Release|Any CPU
		{9C7D4E5B-3A1F-4B8E-2D6C-8E5A7F1B3D2C}.Release|x64.ActiveCfg = Release|Any CPU
		{9C7D4E5B-3A1F-4B8E-2D6C-8E5A7F1B3D2C}.Release|x64.Build.0 = Release|Any CPU
		{9C7D4E5B-3A1F-4B8E-2D6C-8E5A7F1B3D2C}.Release|x86.ActiveCfg = Release|Any CPU
		{9C7D4E5B-3A1F-4B8E-2D6C-8E5A7F1B3D2C}.Release|x86.Build.0 = Release|Any CPU
		{CCC35BE6-EA31-6B84-B984-6E7CA554CDCC}.Debug|Any CPU.ActiveCfg = Debug|Any CPU
		{CCC35BE6-EA31-6B84-B984-6E7CA554CDCC}.Debug|Any CPU.Build.0 = Debug|Any CPU
		{CCC35BE6-EA31-6B84-B984-6E7CA554CDCC}.Debug|x64.ActiveCfg = Debug|Any CPU
		{CCC35BE6-EA31-6B84-B984-6E7CA554CDCC}.Debug|x64.Build.0 = Debug|Any CPU
		{CCC35BE6-EA31-6B84-B984-6E7CA554CDCC}.Debug|x86.ActiveCfg = Debug|Any CPU
		{CCC35BE6-EA31-6B84-B984-6E7CA554CDCC}.Debug|x86.Build.0 = Debug|Any CPU
		{CCC35BE6-EA31-6B84-B984-6E7CA554CDCC}.Release|Any CPU.ActiveCfg = Release|Any CPU
		{CCC35BE6-EA31-6B84-B984-6E7CA554CDCC}.Release|Any CPU.Build.0 = Release|Any CPU
		{CCC35BE6-EA31-6B84-B984-6E7CA554CDCC}.Release|x64.ActiveCfg = Release|Any CPU
		{CCC35BE6-EA31-6B84-B984-6E7CA554CDCC}.Release|x64.Build.0 = Release|Any CPU
		{CCC35BE6-EA31-6B84-B984-6E7CA554CDCC}.Release|x86.ActiveCfg = Release|Any CPU
		{CCC35BE6-EA31-6B84-B984-6E7CA554CDCC}.Release|x86.Build.0 = Release|Any CPU
		{FA572002-AA8F-428C-9865-2A2BFD4C72BA}.Debug|Any CPU.ActiveCfg = Debug|Any CPU
		{FA572002-AA8F-428C-9865-2A2BFD4C72BA}.Debug|Any CPU.Build.0 = Debug|Any CPU
		{FA572002-AA8F-428C-9865-2A2BFD4C72BA}.Debug|x64.ActiveCfg = Debug|Any CPU
		{FA572002-AA8F-428C-9865-2A2BFD4C72BA}.Debug|x64.Build.0 = Debug|Any CPU
		{FA572002-AA8F-428C-9865-2A2BFD4C72BA}.Debug|x86.ActiveCfg = Debug|Any CPU
		{FA572002-AA8F-428C-9865-2A2BFD4C72BA}.Debug|x86.Build.0 = Debug|Any CPU
		{FA572002-AA8F-428C-9865-2A2BFD4C72BA}.Release|Any CPU.ActiveCfg = Release|Any CPU
		{FA572002-AA8F-428C-9865-2A2BFD4C72BA}.Release|Any CPU.Build.0 = Release|Any CPU
		{FA572002-AA8F-428C-9865-2A2BFD4C72BA}.Release|x64.ActiveCfg = Release|Any CPU
		{FA572002-AA8F-428C-9865-2A2BFD4C72BA}.Release|x64.Build.0 = Release|Any CPU
		{FA572002-AA8F-428C-9865-2A2BFD4C72BA}.Release|x86.ActiveCfg = Release|Any CPU
		{FA572002-AA8F-428C-9865-2A2BFD4C72BA}.Release|x86.Build.0 = Release|Any CPU
		{769F5D32-9874-4C4E-BCB1-6FEE7B7BF49C}.Debug|Any CPU.ActiveCfg = Debug|Any CPU
		{769F5D32-9874-4C4E-BCB1-6FEE7B7BF49C}.Debug|Any CPU.Build.0 = Debug|Any CPU
		{769F5D32-9874-4C4E-BCB1-6FEE7B7BF49C}.Debug|x64.ActiveCfg = Debug|Any CPU
		{769F5D32-9874-4C4E-BCB1-6FEE7B7BF49C}.Debug|x64.Build.0 = Debug|Any CPU
		{769F5D32-9874-4C4E-BCB1-6FEE7B7BF49C}.Debug|x86.ActiveCfg = Debug|Any CPU
		{769F5D32-9874-4C4E-BCB1-6FEE7B7BF49C}.Debug|x86.Build.0 = Debug|Any CPU
		{769F5D32-9874-4C4E-BCB1-6FEE7B7BF49C}.Release|Any CPU.ActiveCfg = Release|Any CPU
		{769F5D32-9874-4C4E-BCB1-6FEE7B7BF49C}.Release|Any CPU.Build.0 = Release|Any CPU
		{769F5D32-9874-4C4E-BCB1-6FEE7B7BF49C}.Release|x64.ActiveCfg = Release|Any CPU
		{769F5D32-9874-4C4E-BCB1-6FEE7B7BF49C}.Release|x64.Build.0 = Release|Any CPU
		{769F5D32-9874-4C4E-BCB1-6FEE7B7BF49C}.Release|x86.ActiveCfg = Release|Any CPU
		{769F5D32-9874-4C4E-BCB1-6FEE7B7BF49C}.Release|x86.Build.0 = Release|Any CPU
	EndGlobalSection
	GlobalSection(SolutionProperties) = preSolution
		HideSolutionNode = FALSE
	EndGlobalSection
	GlobalSection(NestedProjects) = preSolution
		{D15030E7-5609-48B6-8D18-5A3F7B822254} = {827E0CD3-B72D-47B6-A68D-7590B98EB39B}
		{AE156C2D-CEB6-2932-52E1-7BB3F5577BA2} = {827E0CD3-B72D-47B6-A68D-7590B98EB39B}
		{49F6E801-6F77-4A86-86ED-B7F40EBEDFC1} = {AE156C2D-CEB6-2932-52E1-7BB3F5577BA2}
		{20F128E5-CC28-49B0-9F52-5250EBE949CE} = {AE156C2D-CEB6-2932-52E1-7BB3F5577BA2}
		{2C873475-6DBF-4B91-A66E-CDF6BDED9E20} = {AE156C2D-CEB6-2932-52E1-7BB3F5577BA2}
		{F9B163BA-0A88-8BB2-2897-35C19F14B8C1} = {827E0CD3-B72D-47B6-A68D-7590B98EB39B}
		{1FEE67FC-CCA6-4624-97F8-D83488271FA7} = {F9B163BA-0A88-8BB2-2897-35C19F14B8C1}
		{6D600FEE-F5DA-4009-BB8F-9ED3111D7C0E} = {F9B163BA-0A88-8BB2-2897-35C19F14B8C1}
		{77991CE4-7CF6-4FCD-AFE5-A20745A81A35} = {F9B163BA-0A88-8BB2-2897-35C19F14B8C1}
		{8E398AD0-0E3F-6157-2CED-D961337902A6} = {827E0CD3-B72D-47B6-A68D-7590B98EB39B}
		{679048AD-4D99-4859-8531-4B400D40762B} = {8E398AD0-0E3F-6157-2CED-D961337902A6}
		{FC21CC89-86DA-4B62-A457-63F60BBB938B} = {8E398AD0-0E3F-6157-2CED-D961337902A6}
		{0FE487A8-D933-416F-A21D-D4CCC3AEA341} = {8E398AD0-0E3F-6157-2CED-D961337902A6}
		{E134C235-D229-4C0D-6747-D71D21D31FBE} = {827E0CD3-B72D-47B6-A68D-7590B98EB39B}
		{0BAF470A-6084-4105-A7F8-A36017EC2910} = {E134C235-D229-4C0D-6747-D71D21D31FBE}
		{97CBE738-4E81-403E-BD74-896107525750} = {E134C235-D229-4C0D-6747-D71D21D31FBE}
		{27A3FB81-0211-4405-9B84-DF68452C96C7} = {E134C235-D229-4C0D-6747-D71D21D31FBE}
		{58BCACCD-755D-4B8A-BC14-8F407A2003CD} = {827E0CD3-B72D-47B6-A68D-7590B98EB39B}
		{9C7D4E5B-3A1F-4B8E-2D6C-8E5A7F1B3D2C} = {C5D7E3A5-2B8A-4F1D-9E3C-7A5B8D2C1F3E}
		{CCC35BE6-EA31-6B84-B984-6E7CA554CDCC} = {C5D7E3A5-2B8A-4F1D-9E3C-7A5B8D2C1F3E}
		{FA572002-AA8F-428C-9865-2A2BFD4C72BA} = {C5D7E3A5-2B8A-4F1D-9E3C-7A5B8D2C1F3E}
		{769F5D32-9874-4C4E-BCB1-6FEE7B7BF49C} = {827E0CD3-B72D-47B6-A68D-7590B98EB39B}
	EndGlobalSection
EndGlobal
